
Microsoft Visual Studio Solution File, Format Version 12.00
# Visual Studio Version 17
VisualStudioVersion = 17.9.34728.123
MinimumVisualStudioVersion = 10.0.40219.1
Project("{9A19103F-16F7-4668-BE54-9A1E7A4F7556}") = "RestaurantTableBookingApp.API", "RestaurantTableBookingApp.API\RestaurantTableBookingApp.API.csproj", "{3354E06A-BD74-4706-ABB2-CE5ECACEA13B}"
EndProject
Project("{FAE04EC0-301F-11D3-BF4B-00C04F79EFBC}") = "RestaurantTableBookingApp.Core", "RestaurantTableBookingApp.Core\RestaurantTableBookingApp.Core.csproj", "{C2905A7B-F74D-49CA-9A49-CF7BC0D9E289}"
EndProject
Project("{FAE04EC0-301F-11D3-BF4B-00C04F79EFBC}") = "RestaurantTableBookingApp.Service", "RestaurantTableBookingApp.Service\RestaurantTableBookingApp.Service.csproj", "{938474F2-6F1B-4A65-BA2B-349FBBD3A613}"
EndProject
Project("{FAE04EC0-301F-11D3-BF4B-00C04F79EFBC}") = "RestaurantTableBookingApp.Data", "RestaurantTableBookingApp.Data\RestaurantTableBookingApp.Data.csproj", "{E2C1F821-780B-48FE-B902-C33AE6F4D1D3}"
EndProject
Global
	GlobalSection(SolutionConfigurationPlatforms) = preSolution
		Debug|Any CPU = Debug|Any CPU
		Release|Any CPU = Release|Any CPU
	EndGlobalSection
	GlobalSection(ProjectConfigurationPlatforms) = postSolution
		{3354E06A-BD74-4706-ABB2-CE5ECACEA13B}.Debug|Any CPU.ActiveCfg = Debug|Any CPU
		{3354E06A-BD74-4706-ABB2-CE5ECACEA13B}.Debug|Any CPU.Build.0 = Debug|Any CPU
		{3354E06A-BD74-4706-ABB2-CE5ECACEA13B}.Release|Any CPU.ActiveCfg = Release|Any CPU
		{3354E06A-BD74-4706-ABB2-CE5ECACEA13B}.Release|Any CPU.Build.0 = Release|Any CPU
		{C2905A7B-F74D-49CA-9A49-CF7BC0D9E289}.Debug|Any CPU.ActiveCfg = Debug|Any CPU
		{C2905A7B-F74D-49CA-9A49-CF7BC0D9E289}.Debug|Any CPU.Build.0 = Debug|Any CPU
		{C2905A7B-F74D-49CA-9A49-CF7BC0D9E289}.Release|Any CPU.ActiveCfg = Release|Any CPU
		{C2905A7B-F74D-49CA-9A49-CF7BC0D9E289}.Release|Any CPU.Build.0 = Release|Any CPU
		{938474F2-6F1B-4A65-BA2B-349FBBD3A613}.Debug|Any CPU.ActiveCfg = Debug|Any CPU
		{938474F2-6F1B-4A65-BA2B-349FBBD3A613}.Debug|Any CPU.Build.0 = Debug|Any CPU
		{938474F2-6F1B-4A65-BA2B-349FBBD3A613}.Release|Any CPU.ActiveCfg = Release|Any CPU
		{938474F2-6F1B-4A65-BA2B-349FBBD3A613}.Release|Any CPU.Build.0 = Release|Any CPU
		{E2C1F821-780B-48FE-B902-C33AE6F4D1D3}.Debug|Any CPU.ActiveCfg = Debug|Any CPU
		{E2C1F821-780B-48FE-B902-C33AE6F4D1D3}.Debug|Any CPU.Build.0 = Debug|Any CPU
		{E2C1F821-780B-48FE-B902-C33AE6F4D1D3}.Release|Any CPU.ActiveCfg = Release|Any CPU
		{E2C1F821-780B-48FE-B902-C33AE6F4D1D3}.Release|Any CPU.Build.0 = Release|Any CPU
	EndGlobalSection
	GlobalSection(SolutionProperties) = preSolution
		HideSolutionNode = FALSE
	EndGlobalSection
	GlobalSection(ExtensibilityGlobals) = postSolution
		SolutionGuid = {AD484A0B-5889-4816-8AE8-DD4FAA241BB3}
	EndGlobalSection
EndGlobal
